
Microsoft Visual Studio Solution File, Format Version 12.00
# Visual Studio Version 16
VisualStudioVersion = 16.0.31025.194
MinimumVisualStudioVersion = 10.0.40219.1
Project("{FAE04EC0-301F-11D3-BF4B-00C04F79EFBC}") = "Prova14MaggioVeronicaMessa", "Prova14MaggioVeronicaMessa\Prova14MaggioVeronicaMessa.csproj", "{8A39D272-9173-4A11-AFF1-0ABE12003A55}"
EndProject
Global
	GlobalSection(SolutionConfigurationPlatforms) = preSolution
		Debug|Any CPU = Debug|Any CPU
		Release|Any CPU = Release|Any CPU
	EndGlobalSection
	GlobalSection(ProjectConfigurationPlatforms) = postSolution
		{8A39D272-9173-4A11-AFF1-0ABE12003A55}.Debug|Any CPU.ActiveCfg = Debug|Any CPU
		{8A39D272-9173-4A11-AFF1-0ABE12003A55}.Debug|Any CPU.Build.0 = Debug|Any CPU
		{8A39D272-9173-4A11-AFF1-0ABE12003A55}.Release|Any CPU.ActiveCfg = Release|Any CPU
		{8A39D272-9173-4A11-AFF1-0ABE12003A55}.Release|Any CPU.Build.0 = Release|Any CPU
	EndGlobalSection
	GlobalSection(SolutionProperties) = preSolution
		HideSolutionNode = FALSE
	EndGlobalSection
	GlobalSection(ExtensibilityGlobals) = postSolution
		SolutionGuid = {09CBA9B2-BDA4-494A-811E-B88FA203D359}
	EndGlobalSection
EndGlobal
